
Microsoft Visual Studio Solution File, Format Version 12.00
# Visual Studio Version 17
VisualStudioVersion = 17.0.31903.59
MinimumVisualStudioVersion = 10.0.40219.1
Project("{9A19103F-16F7-4668-BE54-9A1E7A4F7556}") = "Day1", "Day1\Day1.csproj", "{7CC5C9B5-4885-49FC-9A45-FAD15E9D99D6}"
EndProject
Project("{9A19103F-16F7-4668-BE54-9A1E7A4F7556}") = "AdventHelper", "AdventHelper\AdventHelper.csproj", "{43879E4A-06AC-45FE-BDD4-4DD16A5AD915}"
EndProject
Project("{9A19103F-16F7-4668-BE54-9A1E7A4F7556}") = "Day2", "Day2\Day2.csproj", "{54EFC246-7441-4A77-B96B-5FCF0E48D88C}"
EndProject
Project("{9A19103F-16F7-4668-BE54-9A1E7A4F7556}") = "Day3", "Day3\Day3.csproj", "{26B6AD2D-AE00-44DF-A27A-4E53D66DBE0A}"
EndProject
Project("{FAE04EC0-301F-11D3-BF4B-00C04F79EFBC}") = "Day4", "Day4\Day4.csproj", "{1D727A68-C98B-493B-AB51-E3CF3183BC07}"
EndProject
Global
	GlobalSection(SolutionConfigurationPlatforms) = preSolution
		Debug|Any CPU = Debug|Any CPU
		Release|Any CPU = Release|Any CPU
	EndGlobalSection
	GlobalSection(ProjectConfigurationPlatforms) = postSolution
		{7CC5C9B5-4885-49FC-9A45-FAD15E9D99D6}.Debug|Any CPU.ActiveCfg = Debug|Any CPU
		{7CC5C9B5-4885-49FC-9A45-FAD15E9D99D6}.Debug|Any CPU.Build.0 = Debug|Any CPU
		{7CC5C9B5-4885-49FC-9A45-FAD15E9D99D6}.Release|Any CPU.ActiveCfg = Release|Any CPU
		{7CC5C9B5-4885-49FC-9A45-FAD15E9D99D6}.Release|Any CPU.Build.0 = Release|Any CPU
		{43879E4A-06AC-45FE-BDD4-4DD16A5AD915}.Debug|Any CPU.ActiveCfg = Debug|Any CPU
		{43879E4A-06AC-45FE-BDD4-4DD16A5AD915}.Debug|Any CPU.Build.0 = Debug|Any CPU
		{43879E4A-06AC-45FE-BDD4-4DD16A5AD915}.Release|Any CPU.ActiveCfg = Release|Any CPU
		{43879E4A-06AC-45FE-BDD4-4DD16A5AD915}.Release|Any CPU.Build.0 = Release|Any CPU
		{54EFC246-7441-4A77-B96B-5FCF0E48D88C}.Debug|Any CPU.ActiveCfg = Debug|Any CPU
		{54EFC246-7441-4A77-B96B-5FCF0E48D88C}.Debug|Any CPU.Build.0 = Debug|Any CPU
		{54EFC246-7441-4A77-B96B-5FCF0E48D88C}.Release|Any CPU.ActiveCfg = Release|Any CPU
		{54EFC246-7441-4A77-B96B-5FCF0E48D88C}.Release|Any CPU.Build.0 = Release|Any CPU
		{26B6AD2D-AE00-44DF-A27A-4E53D66DBE0A}.Debug|Any CPU.ActiveCfg = Debug|Any CPU
		{26B6AD2D-AE00-44DF-A27A-4E53D66DBE0A}.Debug|Any CPU.Build.0 = Debug|Any CPU
		{26B6AD2D-AE00-44DF-A27A-4E53D66DBE0A}.Release|Any CPU.ActiveCfg = Release|Any CPU
		{26B6AD2D-AE00-44DF-A27A-4E53D66DBE0A}.Release|Any CPU.Build.0 = Release|Any CPU
		{1D727A68-C98B-493B-AB51-E3CF3183BC07}.Debug|Any CPU.ActiveCfg = Debug|Any CPU
		{1D727A68-C98B-493B-AB51-E3CF3183BC07}.Debug|Any CPU.Build.0 = Debug|Any CPU
		{1D727A68-C98B-493B-AB51-E3CF3183BC07}.Release|Any CPU.ActiveCfg = Release|Any CPU
		{1D727A68-C98B-493B-AB51-E3CF3183BC07}.Release|Any CPU.Build.0 = Release|Any CPU
	EndGlobalSection
	GlobalSection(SolutionProperties) = preSolution
		HideSolutionNode = FALSE
	EndGlobalSection
	GlobalSection(ExtensibilityGlobals) = postSolution
		SolutionGuid = {7DD3AEA6-5763-458C-AF8E-7D1327A1B444}
	EndGlobalSection
EndGlobal
